
Microsoft Visual Studio Solution File, Format Version 12.00
# Visual Studio Version 16
VisualStudioVersion = 16.0.28922.388
MinimumVisualStudioVersion = 10.0.40219.1
Project("{9A19103F-16F7-4668-BE54-9A1E7A4F7556}") = "IC6.RedSvc", "IC6.RedSvc\IC6.RedSvc.csproj", "{39D2B725-7D14-4426-B5EF-EA45455D5CFC}"
EndProject
Project("{9A19103F-16F7-4668-BE54-9A1E7A4F7556}") = "IC6.StatsSvc", "IC6.StatsSvc\IC6.StatsSvc.csproj", "{255ACA63-09EB-47E1-89A7-E3B24469F46C}"
EndProject
Project("{9A19103F-16F7-4668-BE54-9A1E7A4F7556}") = "IC6.GreenSvc", "IC6.GreenSvc\IC6.GreenSvc.csproj", "{A880FBB8-278B-4597-B5E1-F8BB3083D3B3}"
EndProject
Project("{9A19103F-16F7-4668-BE54-9A1E7A4F7556}") = "IC6.Weather", "IC6.Weather\IC6.Weather.csproj", "{3340BC93-47CB-4B64-8C10-1AD0467D5937}"
EndProject
Project("{9A19103F-16F7-4668-BE54-9A1E7A4F7556}") = "IC6.WeatherClient", "IC6.WeatherClient\IC6.WeatherClient.csproj", "{E2B09B8A-0FF3-448C-9759-B0CF4F61C7C9}"
EndProject
Global
	GlobalSection(SolutionConfigurationPlatforms) = preSolution
		Debug|Any CPU = Debug|Any CPU
		Release|Any CPU = Release|Any CPU
	EndGlobalSection
	GlobalSection(ProjectConfigurationPlatforms) = postSolution
		{39D2B725-7D14-4426-B5EF-EA45455D5CFC}.Debug|Any CPU.ActiveCfg = Debug|Any CPU
		{39D2B725-7D14-4426-B5EF-EA45455D5CFC}.Debug|Any CPU.Build.0 = Debug|Any CPU
		{39D2B725-7D14-4426-B5EF-EA45455D5CFC}.Release|Any CPU.ActiveCfg = Release|Any CPU
		{39D2B725-7D14-4426-B5EF-EA45455D5CFC}.Release|Any CPU.Build.0 = Release|Any CPU
		{255ACA63-09EB-47E1-89A7-E3B24469F46C}.Debug|Any CPU.ActiveCfg = Debug|Any CPU
		{255ACA63-09EB-47E1-89A7-E3B24469F46C}.Debug|Any CPU.Build.0 = Debug|Any CPU
		{255ACA63-09EB-47E1-89A7-E3B24469F46C}.Release|Any CPU.ActiveCfg = Release|Any CPU
		{255ACA63-09EB-47E1-89A7-E3B24469F46C}.Release|Any CPU.Build.0 = Release|Any CPU
		{A880FBB8-278B-4597-B5E1-F8BB3083D3B3}.Debug|Any CPU.ActiveCfg = Debug|Any CPU
		{A880FBB8-278B-4597-B5E1-F8BB3083D3B3}.Debug|Any CPU.Build.0 = Debug|Any CPU
		{A880FBB8-278B-4597-B5E1-F8BB3083D3B3}.Release|Any CPU.ActiveCfg = Release|Any CPU
		{A880FBB8-278B-4597-B5E1-F8BB3083D3B3}.Release|Any CPU.Build.0 = Release|Any CPU
		{3340BC93-47CB-4B64-8C10-1AD0467D5937}.Debug|Any CPU.ActiveCfg = Debug|Any CPU
		{3340BC93-47CB-4B64-8C10-1AD0467D5937}.Debug|Any CPU.Build.0 = Debug|Any CPU
		{3340BC93-47CB-4B64-8C10-1AD0467D5937}.Release|Any CPU.ActiveCfg = Release|Any CPU
		{3340BC93-47CB-4B64-8C10-1AD0467D5937}.Release|Any CPU.Build.0 = Release|Any CPU
		{E2B09B8A-0FF3-448C-9759-B0CF4F61C7C9}.Debug|Any CPU.ActiveCfg = Debug|Any CPU
		{E2B09B8A-0FF3-448C-9759-B0CF4F61C7C9}.Debug|Any CPU.Build.0 = Debug|Any CPU
		{E2B09B8A-0FF3-448C-9759-B0CF4F61C7C9}.Release|Any CPU.ActiveCfg = Release|Any CPU
		{E2B09B8A-0FF3-448C-9759-B0CF4F61C7C9}.Release|Any CPU.Build.0 = Release|Any CPU
	EndGlobalSection
	GlobalSection(SolutionProperties) = preSolution
		HideSolutionNode = FALSE
	EndGlobalSection
	GlobalSection(ExtensibilityGlobals) = postSolution
		SolutionGuid = {D06E67A8-189F-4857-9F15-88D4750DBA12}
	EndGlobalSection
EndGlobal
